
Microsoft Visual Studio Solution File, Format Version 12.00
# Visual Studio Version 16
VisualStudioVersion = 16.0.30907.101
MinimumVisualStudioVersion = 10.0.40219.1
Project("{9A19103F-16F7-4668-BE54-9A1E7A4F7556}") = "blab3", "blab3\blab3.csproj", "{F586F9E0-E8C5-49CB-AC02-A37F1AF6C1D8}"
EndProject
Project("{9A19103F-16F7-4668-BE54-9A1E7A4F7556}") = "blab4", "blab4\blab4.csproj", "{85D3D31E-D5B9-4BB3-B4D2-399ADB0B1307}"
EndProject
Project("{9A19103F-16F7-4668-BE54-9A1E7A4F7556}") = "blab5", "blab5\blab5.csproj", "{647F5C4A-376D-4B6E-A0C3-026544A98FA9}"
EndProject
Project("{9A19103F-16F7-4668-BE54-9A1E7A4F7556}") = "blab6", "blab6\blab6.csproj", "{BCBF6F4E-3384-49C0-A38B-70D689C966BB}"
EndProject
Project("{9A19103F-16F7-4668-BE54-9A1E7A4F7556}") = "blab7", "blab7\blab7.csproj", "{84C054DC-A8F5-4D68-8663-C7155A4DAA08}"
EndProject
Project("{9A19103F-16F7-4668-BE54-9A1E7A4F7556}") = "blab8", "blab8\blab8.csproj", "{166B723C-4944-45A2-8626-2D954BC918DE}"
EndProject
Project("{9A19103F-16F7-4668-BE54-9A1E7A4F7556}") = "blab9", "blab9\blab9.csproj", "{067DE510-645B-4DEC-93DF-C018B1C376CE}"
EndProject
Project("{9A19103F-16F7-4668-BE54-9A1E7A4F7556}") = "blab2", "blab2\blab2.csproj", "{C3118C2D-4607-4E53-BB76-6BD555F58627}"
EndProject
Project("{FAE04EC0-301F-11D3-BF4B-00C04F79EFBC}") = "blab1", "blab1\blab1.csproj", "{0658998B-1472-426D-A95C-294C82115E26}"
EndProject
Global
	GlobalSection(SolutionConfigurationPlatforms) = preSolution
		Debug|Any CPU = Debug|Any CPU
		Debug|x64 = Debug|x64
		Debug|x86 = Debug|x86
		Release|Any CPU = Release|Any CPU
		Release|x64 = Release|x64
		Release|x86 = Release|x86
	EndGlobalSection
	GlobalSection(ProjectConfigurationPlatforms) = postSolution
		{F586F9E0-E8C5-49CB-AC02-A37F1AF6C1D8}.Debug|Any CPU.ActiveCfg = Debug|Any CPU
		{F586F9E0-E8C5-49CB-AC02-A37F1AF6C1D8}.Debug|Any CPU.Build.0 = Debug|Any CPU
		{F586F9E0-E8C5-49CB-AC02-A37F1AF6C1D8}.Debug|x64.ActiveCfg = Debug|Any CPU
		{F586F9E0-E8C5-49CB-AC02-A37F1AF6C1D8}.Debug|x64.Build.0 = Debug|Any CPU
		{F586F9E0-E8C5-49CB-AC02-A37F1AF6C1D8}.Debug|x86.ActiveCfg = Debug|Any CPU
		{F586F9E0-E8C5-49CB-AC02-A37F1AF6C1D8}.Debug|x86.Build.0 = Debug|Any CPU
		{F586F9E0-E8C5-49CB-AC02-A37F1AF6C1D8}.Release|Any CPU.ActiveCfg = Release|Any CPU
		{F586F9E0-E8C5-49CB-AC02-A37F1AF6C1D8}.Release|Any CPU.Build.0 = Release|Any CPU
		{F586F9E0-E8C5-49CB-AC02-A37F1AF6C1D8}.Release|x64.ActiveCfg = Release|Any CPU
		{F586F9E0-E8C5-49CB-AC02-A37F1AF6C1D8}.Release|x64.Build.0 = Release|Any CPU
		{F586F9E0-E8C5-49CB-AC02-A37F1AF6C1D8}.Release|x86.ActiveCfg = Release|Any CPU
		{F586F9E0-E8C5-49CB-AC02-A37F1AF6C1D8}.Release|x86.Build.0 = Release|Any CPU
		{85D3D31E-D5B9-4BB3-B4D2-399ADB0B1307}.Debug|Any CPU.ActiveCfg = Debug|Any CPU
		{85D3D31E-D5B9-4BB3-B4D2-399ADB0B1307}.Debug|Any CPU.Build.0 = Debug|Any CPU
		{85D3D31E-D5B9-4BB3-B4D2-399ADB0B1307}.Debug|x64.ActiveCfg = Debug|Any CPU
		{85D3D31E-D5B9-4BB3-B4D2-399ADB0B1307}.Debug|x64.Build.0 = Debug|Any CPU
		{85D3D31E-D5B9-4BB3-B4D2-399ADB0B1307}.Debug|x86.ActiveCfg = Debug|Any CPU
		{85D3D31E-D5B9-4BB3-B4D2-399ADB0B1307}.Debug|x86.Build.0 = Debug|Any CPU
		{85D3D31E-D5B9-4BB3-B4D2-399ADB0B1307}.Release|Any CPU.ActiveCfg = Release|Any CPU
		{85D3D31E-D5B9-4BB3-B4D2-399ADB0B1307}.Release|Any CPU.Build.0 = Release|Any CPU
		{85D3D31E-D5B9-4BB3-B4D2-399ADB0B1307}.Release|x64.ActiveCfg = Release|Any CPU
		{85D3D31E-D5B9-4BB3-B4D2-399ADB0B1307}.Release|x64.Build.0 = Release|Any CPU
		{85D3D31E-D5B9-4BB3-B4D2-399ADB0B1307}.Release|x86.ActiveCfg = Release|Any CPU
		{85D3D31E-D5B9-4BB3-B4D2-399ADB0B1307}.Release|x86.Build.0 = Release|Any CPU
		{647F5C4A-376D-4B6E-A0C3-026544A98FA9}.Debug|Any CPU.ActiveCfg = Debug|Any CPU
		{647F5C4A-376D-4B6E-A0C3-026544A98FA9}.Debug|Any CPU.Build.0 = Debug|Any CPU
		{647F5C4A-376D-4B6E-A0C3-026544A98FA9}.Debug|x64.ActiveCfg = Debug|Any CPU
		{647F5C4A-376D-4B6E-A0C3-026544A98FA9}.Debug|x64.Build.0 = Debug|Any CPU
		{647F5C4A-376D-4B6E-A0C3-026544A98FA9}.Debug|x86.ActiveCfg = Debug|Any CPU
		{647F5C4A-376D-4B6E-A0C3-026544A98FA9}.Debug|x86.Build.0 = Debug|Any CPU
		{647F5C4A-376D-4B6E-A0C3-026544A98FA9}.Release|Any CPU.ActiveCfg = Release|Any CPU
		{647F5C4A-376D-4B6E-A0C3-026544A98FA9}.Release|Any CPU.Build.0 = Release|Any CPU
		{647F5C4A-376D-4B6E-A0C3-026544A98FA9}.Release|x64.ActiveCfg = Release|Any CPU
		{647F5C4A-376D-4B6E-A0C3-026544A98FA9}.Release|x64.Build.0 = Release|Any CPU
		{647F5C4A-376D-4B6E-A0C3-026544A98FA9}.Release|x86.ActiveCfg = Release|Any CPU
		{647F5C4A-376D-4B6E-A0C3-026544A98FA9}.Release|x86.Build.0 = Release|Any CPU
		{BCBF6F4E-3384-49C0-A38B-70D689C966BB}.Debug|Any CPU.ActiveCfg = Debug|Any CPU
		{BCBF6F4E-3384-49C0-A38B-70D689C966BB}.Debug|Any CPU.Build.0 = Debug|Any CPU
		{BCBF6F4E-3384-49C0-A38B-70D689C966BB}.Debug|x64.ActiveCfg = Debug|Any CPU
		{BCBF6F4E-3384-49C0-A38B-70D689C966BB}.Debug|x64.Build.0 = Debug|Any CPU
		{BCBF6F4E-3384-49C0-A38B-70D689C966BB}.Debug|x86.ActiveCfg = Debug|Any CPU
		{BCBF6F4E-3384-49C0-A38B-70D689C966BB}.Debug|x86.Build.0 = Debug|Any CPU
		{BCBF6F4E-3384-49C0-A38B-70D689C966BB}.Release|Any CPU.ActiveCfg = Release|Any CPU
		{BCBF6F4E-3384-49C0-A38B-70D689C966BB}.Release|Any CPU.Build.0 = Release|Any CPU
		{BCBF6F4E-3384-49C0-A38B-70D689C966BB}.Release|x64.ActiveCfg = Release|Any CPU
		{BCBF6F4E-3384-49C0-A38B-70D689C966BB}.Release|x64.Build.0 = Release|Any CPU
		{BCBF6F4E-3384-49C0-A38B-70D689C966BB}.Release|x86.ActiveCfg = Release|Any CPU
		{BCBF6F4E-3384-49C0-A38B-70D689C966BB}.Release|x86.Build.0 = Release|Any CPU
		{84C054DC-A8F5-4D68-8663-C7155A4DAA08}.Debug|Any CPU.ActiveCfg = Debug|Any CPU
		{84C054DC-A8F5-4D68-8663-C7155A4DAA08}.Debug|Any CPU.Build.0 = Debug|Any CPU
		{84C054DC-A8F5-4D68-8663-C7155A4DAA08}.Debug|x64.ActiveCfg = Debug|Any CPU
		{84C054DC-A8F5-4D68-8663-C7155A4DAA08}.Debug|x64.Build.0 = Debug|Any CPU
		{84C054DC-A8F5-4D68-8663-C7155A4DAA08}.Debug|x86.ActiveCfg = Debug|Any CPU
		{84C054DC-A8F5-4D68-8663-C7155A4DAA08}.Debug|x86.Build.0 = Debug|Any CPU
		{84C054DC-A8F5-4D68-8663-C7155A4DAA08}.Release|Any CPU.ActiveCfg = Release|Any CPU
		{84C054DC-A8F5-4D68-8663-C7155A4DAA08}.Release|Any CPU.Build.0 = Release|Any CPU
		{84C054DC-A8F5-4D68-8663-C7155A4DAA08}.Release|x64.ActiveCfg = Release|Any CPU
		{84C054DC-A8F5-4D68-8663-C7155A4DAA08}.Release|x64.Build.0 = Release|Any CPU
		{84C054DC-A8F5-4D68-8663-C7155A4DAA08}.Release|x86.ActiveCfg = Release|Any CPU
		{84C054DC-A8F5-4D68-8663-C7155A4DAA08}.Release|x86.Build.0 = Release|Any CPU
		{166B723C-4944-45A2-8626-2D954BC918DE}.Debug|Any CPU.ActiveCfg = Debug|Any CPU
		{166B723C-4944-45A2-8626-2D954BC918DE}.Debug|Any CPU.Build.0 = Debug|Any CPU
		{166B723C-4944-45A2-8626-2D954BC918DE}.Debug|x64.ActiveCfg = Debug|Any CPU
		{166B723C-4944-45A2-8626-2D954BC918DE}.Debug|x64.Build.0 = Debug|Any CPU
		{166B723C-4944-45A2-8626-2D954BC918DE}.Debug|x86.ActiveCfg = Debug|Any CPU
		{166B723C-4944-45A2-8626-2D954BC918DE}.Debug|x86.Build.0 = Debug|Any CPU
		{166B723C-4944-45A2-8626-2D954BC918DE}.Release|Any CPU.ActiveCfg = Release|Any CPU
		{166B723C-4944-45A2-8626-2D954BC918DE}.Release|Any CPU.Build.0 = Release|Any CPU
		{166B723C-4944-45A2-8626-2D954BC918DE}.Release|x64.ActiveCfg = Release|Any CPU
		{166B723C-4944-45A2-8626-2D954BC918DE}.Release|x64.Build.0 = Release|Any CPU
		{166B723C-4944-45A2-8626-2D954BC918DE}.Release|x86.ActiveCfg = Release|Any CPU
		{166B723C-4944-45A2-8626-2D954BC918DE}.Release|x86.Build.0 = Release|Any CPU
		{067DE510-645B-4DEC-93DF-C018B1C376CE}.Debug|Any CPU.ActiveCfg = Debug|Any CPU
		{067DE510-645B-4DEC-93DF-C018B1C376CE}.Debug|Any CPU.Build.0 = Debug|Any CPU
		{067DE510-645B-4DEC-93DF-C018B1C376CE}.Debug|x64.ActiveCfg = Debug|Any CPU
		{067DE510-645B-4DEC-93DF-C018B1C376CE}.Debug|x64.Build.0 = Debug|Any CPU
		{067DE510-645B-4DEC-93DF-C018B1C376CE}.Debug|x86.ActiveCfg = Debug|Any CPU
		{067DE510-645B-4DEC-93DF-C018B1C376CE}.Debug|x86.Build.0 = Debug|Any CPU
		{067DE510-645B-4DEC-93DF-C018B1C376CE}.Release|Any CPU.ActiveCfg = Release|Any CPU
		{067DE510-645B-4DEC-93DF-C018B1C376CE}.Release|Any CPU.Build.0 = Release|Any CPU
		{067DE510-645B-4DEC-93DF-C018B1C376CE}.Release|x64.ActiveCfg = Release|Any CPU
		{067DE510-645B-4DEC-93DF-C018B1C376CE}.Release|x64.Build.0 = Release|Any CPU
		{067DE510-645B-4DEC-93DF-C018B1C376CE}.Release|x86.ActiveCfg = Release|Any CPU
		{067DE510-645B-4DEC-93DF-C018B1C376CE}.Release|x86.Build.0 = Release|Any CPU
		{C3118C2D-4607-4E53-BB76-6BD555F58627}.Debug|Any CPU.ActiveCfg = Debug|Any CPU
		{C3118C2D-4607-4E53-BB76-6BD555F58627}.Debug|Any CPU.Build.0 = Debug|Any CPU
		{C3118C2D-4607-4E53-BB76-6BD555F58627}.Debug|x64.ActiveCfg = Debug|Any CPU
		{C3118C2D-4607-4E53-BB76-6BD555F58627}.Debug|x64.Build.0 = Debug|Any CPU
		{C3118C2D-4607-4E53-BB76-6BD555F58627}.Debug|x86.ActiveCfg = Debug|Any CPU
		{C3118C2D-4607-4E53-BB76-6BD555F58627}.Debug|x86.Build.0 = Debug|Any CPU
		{C3118C2D-4607-4E53-BB76-6BD555F58627}.Release|Any CPU.ActiveCfg = Release|Any CPU
		{C3118C2D-4607-4E53-BB76-6BD555F58627}.Release|Any CPU.Build.0 = Release|Any CPU
		{C3118C2D-4607-4E53-BB76-6BD555F58627}.Release|x64.ActiveCfg = Release|Any CPU
		{C3118C2D-4607-4E53-BB76-6BD555F58627}.Release|x64.Build.0 = Release|Any CPU
		{C3118C2D-4607-4E53-BB76-6BD555F58627}.Release|x86.ActiveCfg = Release|Any CPU
		{C3118C2D-4607-4E53-BB76-6BD555F58627}.Release|x86.Build.0 = Release|Any CPU
		{0658998B-1472-426D-A95C-294C82115E26}.Debug|Any CPU.ActiveCfg = Debug|Any CPU
		{0658998B-1472-426D-A95C-294C82115E26}.Debug|Any CPU.Build.0 = Debug|Any CPU
		{0658998B-1472-426D-A95C-294C82115E26}.Debug|x64.ActiveCfg = Debug|Any CPU
		{0658998B-1472-426D-A95C-294C82115E26}.Debug|x64.Build.0 = Debug|Any CPU
		{0658998B-1472-426D-A95C-294C82115E26}.Debug|x86.ActiveCfg = Debug|Any CPU
		{0658998B-1472-426D-A95C-294C82115E26}.Debug|x86.Build.0 = Debug|Any CPU
		{0658998B-1472-426D-A95C-294C82115E26}.Release|Any CPU.ActiveCfg = Release|Any CPU
		{0658998B-1472-426D-A95C-294C82115E26}.Release|Any CPU.Build.0 = Release|Any CPU
		{0658998B-1472-426D-A95C-294C82115E26}.Release|x64.ActiveCfg = Release|Any CPU
		{0658998B-1472-426D-A95C-294C82115E26}.Release|x64.Build.0 = Release|Any CPU
		{0658998B-1472-426D-A95C-294C82115E26}.Release|x86.ActiveCfg = Release|Any CPU
		{0658998B-1472-426D-A95C-294C82115E26}.Release|x86.Build.0 = Release|Any CPU
	EndGlobalSection
	GlobalSection(SolutionProperties) = preSolution
		HideSolutionNode = FALSE
	EndGlobalSection
	GlobalSection(ExtensibilityGlobals) = postSolution
		SolutionGuid = {91C60D66-5926-40BB-AC1C-CA6C1C78E9F3}
	EndGlobalSection
EndGlobal
